Microsoft Visual Studio Solution File, Format Version 12.00
# Visual Studio Version 17
VisualStudioVersion = 17.5.2.0
MinimumVisualStudioVersion = 10.0.40219.1
Project("{FAE04EC0-301F-11D3-BF4B-00C04F79EFBC}") = "Exerc-cio-CreditoRotativo", "Exerc-cio-CreditoRotativo.csproj", "{0C26269F-E9C1-013C-C173-E052491C67E4}"
EndProject
Global
	GlobalSection(SolutionConfigurationPlatforms) = preSolution
		Debug|Any CPU = Debug|Any CPU
		Release|Any CPU = Release|Any CPU
	EndGlobalSection
	GlobalSection(ProjectConfigurationPlatforms) = postSolution
		{0C26269F-E9C1-013C-C173-E052491C67E4}.Debug|Any CPU.ActiveCfg = Debug|Any CPU
		{0C26269F-E9C1-013C-C173-E052491C67E4}.Debug|Any CPU.Build.0 = Debug|Any CPU
		{0C26269F-E9C1-013C-C173-E052491C67E4}.Release|Any CPU.ActiveCfg = Release|Any CPU
		{0C26269F-E9C1-013C-C173-E052491C67E4}.Release|Any CPU.Build.0 = Release|Any CPU
	EndGlobalSection
	GlobalSection(SolutionProperties) = preSolution
		HideSolutionNode = FALSE
	EndGlobalSection
	GlobalSection(ExtensibilityGlobals) = postSolution
		SolutionGuid = {8E6F7C7C-AD18-4960-AEC1-6FB3E20FF217}
	EndGlobalSection
EndGlobal
